// !$*UTF8*$!
{
	archiveVersion = 1;
	classes = {
	};
	objectVersion = 48;
	objects = {

/* Begin PBXBuildFile section */
		75F634961F9FDF91008107FA /* AppDelegate.swift in Sources */ = {isa = PBXBuildFile; fileRef = 75F634951F9FDF91008107FA /* AppDelegate.swift */; };
		75F634981F9FDF91008107FA /* ViewController.swift in Sources */ = {isa = PBXBuildFile; fileRef = 75F634971F9FDF91008107FA /* ViewController.swift */; };
		75F6349B1F9FDF91008107FA /* Main.storyboard in Resources */ = {isa = PBXBuildFile; fileRef = 75F634991F9FDF91008107FA /* Main.storyboard */; };
		75F6349D1F9FDF91008107FA /* Assets.xcassets in Resources */ = {isa = PBXBuildFile; fileRef = 75F6349C1F9FDF91008107FA /* Assets.xcassets */; };
		75F634A01F9FDF91008107FA /* LaunchScreen.storyboard in Resources */ = {isa = PBXBuildFile; fileRef = 75F6349E1F9FDF91008107FA /* LaunchScreen.storyboard */; };
		F5AEB32784EAA732F3174AD0 /* samplecollectionview-sample.png in Resources */ = {isa = PBXBuildFile; fileRef = F5AEB625C80F6E9FA4C71044 /* samplecollectionview-sample.png */; };
		F5AEB81E614688868A67386D /* SampleCollectionViewController.swift in Sources */ = {isa = PBXBuildFile; fileRef = F5AEB185009ACD7FF00BB1EB /* SampleCollectionViewController.swift */; };
		F5AEBBAF23EE1F477E8A880C /* SampleCollectionViewCell.swift in Sources */ = {isa = PBXBuildFile; fileRef = F5AEB0BA123DAD60B8BC39B3 /* SampleCollectionViewCell.swift */; };
/* End PBXBuildFile section */

/* Begin PBXFileReference section */
		75F634921F9FDF91008107FA /* SampleCollectionView.app */ = {isa = PBXFileReference; explicitFileType = wrapper.application; includeInIndex = 0; path = SampleCollectionView.app; sourceTree = BUILT_PRODUCTS_DIR; };
		75F634951F9FDF91008107FA /* AppDelegate.swift */ = {isa = PBXFileReference; lastKnownFileType = sourcecode.swift; path = AppDelegate.swift; sourceTree = "<group>"; };
		75F634971F9FDF91008107FA /* ViewController.swift */ = {isa = PBXFileReference; lastKnownFileType = sourcecode.swift; path = ViewController.swift; sourceTree = "<group>"; };
		75F6349A1F9FDF91008107FA /* Base */ = {isa = PBXFileReference; lastKnownFileType = file.storyboard; name = Base; path = Base.lproj/Main.storyboard; sourceTree = "<group>"; };
		75F6349C1F9FDF91008107FA /* Assets.xcassets */ = {isa = PBXFileReference; lastKnownFileType = folder.assetcatalog; path = Assets.xcassets; sourceTree = "<group>"; };
		75F6349F1F9FDF91008107FA /* Base */ = {isa = PBXFileReference; lastKnownFileType = file.storyboard; name = Base; path = Base.lproj/LaunchScreen.storyboard; sourceTree = "<group>"; };
		75F634A11F9FDF91008107FA /* Info.plist */ = {isa = PBXFileReference; lastKnownFileType = text.plist.xml; path = Info.plist; sourceTree = "<group>"; };
		F5AEB0BA123DAD60B8BC39B3 /* SampleCollectionViewCell.swift */ = {isa = PBXFileReference; fileEncoding = 4; lastKnownFileType = sourcecode.swift; path = SampleCollectionViewCell.swift; sourceTree = "<group>"; };
		F5AEB185009ACD7FF00BB1EB /* SampleCollectionViewController.swift */ = {isa = PBXFileReference; fileEncoding = 4; lastKnownFileType = sourcecode.swift; path = SampleCollectionViewController.swift; sourceTree = "<group>"; };
		F5AEB625C80F6E9FA4C71044 /* samplecollectionview-sample.png */ = {isa = PBXFileReference; lastKnownFileType = image.png; path = "samplecollectionview-sample.png"; sourceTree = "<group>"; };
		F5AEBD1E2F04180A3E4DFC14 /* README.md */ = {isa = PBXFileReference; fileEncoding = 4; lastKnownFileType = net.daringfireball.markdown; path = README.md; sourceTree = "<group>"; };
/* End PBXFileReference section */

/* Begin PBXFrameworksBuildPhase section */
		75F6348F1F9FDF91008107FA /* Frameworks */ = {
			isa = PBXFrameworksBuildPhase;
			buildActionMask = 2147483647;
			files = (
			);
			runOnlyForDeploymentPostprocessing = 0;
		};
/* End PBXFrameworksBuildPhase section */

/* Begin PBXGroup section */
		75F634891F9FDF91008107FA = {
			isa = PBXGroup;
			children = (
				75F634941F9FDF91008107FA /* SampleCollectionView */,
				75F634931F9FDF91008107FA /* Products */,
				F5AEBD1E2F04180A3E4DFC14 /* README.md */,
				F5AEB646C3174E0790D73CFF /* Images */,
			);
			sourceTree = "<group>";
		};
		75F634931F9FDF91008107FA /* Products */ = {
			isa = PBXGroup;
			children = (
				75F634921F9FDF91008107FA /* SampleCollectionView.app */,
			);
			name = Products;
			sourceTree = "<group>";
		};
		75F634941F9FDF91008107FA /* SampleCollectionView */ = {
			isa = PBXGroup;
			children = (
				75F634951F9FDF91008107FA /* AppDelegate.swift */,
				75F634971F9FDF91008107FA /* ViewController.swift */,
				75F634991F9FDF91008107FA /* Main.storyboard */,
				75F6349C1F9FDF91008107FA /* Assets.xcassets */,
				75F6349E1F9FDF91008107FA /* LaunchScreen.storyboard */,
				75F634A11F9FDF91008107FA /* Info.plist */,
				F5AEB3FDC6A1FE21E7BF2B54 /* Sample Collection */,
			);
			path = SampleCollectionView;
			sourceTree = "<group>";
		};
		F5AEB3FDC6A1FE21E7BF2B54 /* Sample Collection */ = {
			isa = PBXGroup;
			children = (
				F5AEB185009ACD7FF00BB1EB /* SampleCollectionViewController.swift */,
				F5AEB0BA123DAD60B8BC39B3 /* SampleCollectionViewCell.swift */,
			);
			path = "Sample Collection";
			sourceTree = "<group>";
		};
		F5AEB646C3174E0790D73CFF /* Images */ = {
			isa = PBXGroup;
			children = (
				F5AEB625C80F6E9FA4C71044 /* samplecollectionview-sample.png */,
			);
			path = Images;
			sourceTree = "<group>";
		};
/* End PBXGroup section */

/* Begin PBXNativeTarget section */
		75F634911F9FDF91008107FA /* SampleCollectionView */ = {
			isa = PBXNativeTarget;
			buildConfigurationList = 75F634A41F9FDF91008107FA /* Build configuration list for PBXNativeTarget "SampleCollectionView" */;
			buildPhases = (
				75F6348E1F9FDF91008107FA /* Sources */,
				75F6348F1F9FDF91008107FA /* Frameworks */,
				75F634901F9FDF91008107FA /* Resources */,
			);
			buildRules = (
			);
			dependencies = (
			);
			name = SampleCollectionView;
			productName = SampleCollectionView;
			productReference = 75F634921F9FDF91008107FA /* SampleCollectionView.app */;
			productType = "com.apple.product-type.application";
		};
/* End PBXNativeTarget section */

/* Begin PBXProject section */
		75F6348A1F9FDF91008107FA /* Project object */ = {
			isa = PBXProject;
			attributes = {
				LastSwiftUpdateCheck = 0900;
				LastUpgradeCheck = 0900;
				ORGANIZATIONNAME = "Zmicier Zaleznicenka";
				TargetAttributes = {
					75F634911F9FDF91008107FA = {
						CreatedOnToolsVersion = 9.0;
						ProvisioningStyle = Automatic;
					};
				};
			};
			buildConfigurationList = 75F6348D1F9FDF91008107FA /* Build configuration list for PBXProject "SampleCollectionView" */;
			compatibilityVersion = "Xcode 8.0";
			developmentRegion = en;
			hasScannedForEncodings = 0;
			knownRegions = (
				en,
				Base,
			);
			mainGroup = 75F634891F9FDF91008107FA;
			productRefGroup = 75F634931F9FDF91008107FA /* Products */;
			projectDirPath = "";
			projectRoot = "";
			targets = (
				75F634911F9FDF91008107FA /* SampleCollectionView */,
			);
		};
/* End PBXProject section */

/* Begin PBXResourcesBuildPhase section */
		75F634901F9FDF91008107FA /* Resources */ = {
			isa = PBXResourcesBuildPhase;
			buildActionMask = 2147483647;
			files = (
				75F634A01F9FDF91008107FA /* LaunchScreen.storyboard in Resources */,
				75F6349D1F9FDF91008107FA /* Assets.xcassets in Resources */,
				75F6349B1F9FDF91008107FA /* Main.storyboard in Resources */,
				F5AEB32784EAA732F3174AD0 /* samplecollectionview-sample.png in Resources */,
			);
			runOnlyForDeploymentPostprocessing = 0;
		};
/* End PBXResourcesBuildPhase section */

/* Begin PBXSourcesBuildPhase section */
		75F6348E1F9FDF91008107FA /* Sources */ = {
			isa = PBXSourcesBuildPhase;
			buildActionMask = 2147483647;
			files = (
				75F634981F9FDF91008107FA /* ViewController.swift in Sources */,
				75F634961F9FDF91008107FA /* AppDelegate.swift in Sources */,
				F5AEB81E614688868A67386D /* SampleCollectionViewController.swift in Sources */,
				F5AEBBAF23EE1F477E8A880C /* SampleCollectionViewCell.swift in Sources */,
			);
			runOnlyForDeploymentPostprocessing = 0;
		};
/* End PBXSourcesBuildPhase section */

/* Begin PBXVariantGroup section */
		75F634991F9FDF91008107FA /* Main.storyboard */ = {
			isa = PBXVariantGroup;
			children = (
				75F6349A1F9FDF91008107FA /* Base */,
			);
			name = Main.storyboard;
			sourceTree = "<group>";
		};
		75F6349E1F9FDF91008107FA /* LaunchScreen.storyboard */ = {
			isa = PBXVariantGroup;
			children = (
				75F6349F1F9FDF91008107FA /* Base */,
			);
			name = LaunchScreen.storyboard;
			sourceTree = "<group>";
		};
/* End PBXVariantGroup section */

/* Begin XCBuildConfiguration section */
		75F634A21F9FDF91008107FA /* Debug */ = {
			isa = XCBuildConfiguration;
			buildSettings = {
				ALWAYS_SEARCH_USER_PATHS = NO;
				CLANG_ANALYZER_NONNULL = YES;
				CLANG_ANALYZER_NUMBER_OBJECT_CONVERSION = YES_AGGRESSIVE;
				CLANG_CXX_LANGUAGE_STANDARD = "gnu++14";
				CLANG_CXX_LIBRARY = "libc++";
				CLANG_ENABLE_MODULES = YES;
				CLANG_ENABLE_OBJC_ARC = YES;
				CLANG_WARN_BLOCK_CAPTURE_AUTORELEASING = YES;
				CLANG_WARN_BOOL_CONVERSION = YES;
				CLANG_WARN_COMMA = YES;
				CLANG_WARN_CONSTANT_CONVERSION = YES;
				CLANG_WARN_DIRECT_OBJC_ISA_USAGE = YES_ERROR;
				CLANG_WARN_DOCUMENTATION_COMMENTS = YES;
				CLANG_WARN_EMPTY_BODY = YES;
				CLANG_WARN_ENUM_CONVERSION = YES;
				CLANG_WARN_INFINITE_RECURSION = YES;
				CLANG_WARN_INT_CONVERSION = YES;
				CLANG_WARN_NON_LITERAL_NULL_CONVERSION = YES;
				CLANG_WARN_OBJC_LITERAL_CONVERSION = YES;
				CLANG_WARN_OBJC_ROOT_CLASS = YES_ERROR;
				CLANG_WARN_RANGE_LOOP_ANALYSIS = YES;
				CLANG_WARN_STRICT_PROTOTYPES = YES;
				CLANG_WARN_SUSPICIOUS_MOVE = YES;
				CLANG_WARN_UNGUARDED_AVAILABILITY = YES_AGGRESSIVE;
				CLANG_WARN_UNREACHABLE_CODE = YES;
				CLANG_WARN__DUPLICATE_METHOD_MATCH = YES;
				CODE_SIGN_IDENTITY = "iPhone Developer";
				COPY_PHASE_STRIP = NO;
				DEBUG_INFORMATION_FORMAT = dwarf;
				ENABLE_STRICT_OBJC_MSGSEND = YES;
				ENABLE_TESTABILITY = YES;
				GCC_C_LANGUAGE_STANDARD = gnu11;
				GCC_DYNAMIC_NO_PIC = NO;
				GCC_NO_COMMON_BLOCKS = YES;
				GCC_OPTIMIZATION_LEVEL = 0;
				GCC_PREPROCESSOR_DEFINITIONS = (
					"DEBUG=1",
					"$(inherited)",
				);
				GCC_WARN_64_TO_32_BIT_CONVERSION = YES;
				GCC_WARN_ABOUT_RETURN_TYPE = YES_ERROR;
				GCC_WARN_UNDECLARED_SELECTOR = YES;
				GCC_WARN_UNINITIALIZED_AUTOS = YES_AGGRESSIVE;
				GCC_WARN_UNUSED_FUNCTION = YES;
				GCC_WARN_UNUSED_VARIABLE = YES;
				IPHONEOS_DEPLOYMENT_TARGET = 11.0;
				MTL_ENABLE_DEBUG_INFO = YES;
				ONLY_ACTIVE_ARCH = YES;
				SDKROOT = iphoneos;
				SWIFT_ACTIVE_COMPILATION_CONDITIONS = DEBUG;
				SWIFT_OPTIMIZATION_LEVEL = "-Onone";
			};
			name = Debug;
		};
		75F634A31F9FDF91008107FA /* Release */ = {
			isa = XCBuildConfiguration;
			buildSettings = {
				ALWAYS_SEARCH_USER_PATHS = NO;
				CLANG_ANALYZER_NONNULL = YES;
				CLANG_ANALYZER_NUMBER_OBJECT_CONVERSION = YES_AGGRESSIVE;
				CLANG_CXX_LANGUAGE_STANDARD = "gnu++14";
				CLANG_CXX_LIBRARY = "libc++";
				CLANG_ENABLE_MODULES = YES;
				CLANG_ENABLE_OBJC_ARC = YES;
				CLANG_WARN_BLOCK_CAPTURE_AUTORELEASING = YES;
				CLANG_WARN_BOOL_CONVERSION = YES;
				CLANG_WARN_COMMA = YES;
				CLANG_WARN_CONSTANT_CONVERSION = YES;
				CLANG_WARN_DIRECT_OBJC_ISA_USAGE = YES_ERROR;
				CLANG_WARN_DOCUMENTATION_COMMENTS = YES;
				CLANG_WARN_EMPTY_BODY = YES;
				CLANG_WARN_ENUM_CONVERSION = YES;
				CLANG_WARN_INFINITE_RECURSION = YES;
				CLANG_WARN_INT_CONVERSION = YES;
				CLANG_WARN_NON_LITERAL_NULL_CONVERSION = YES;
				CLANG_WARN_OBJC_LITERAL_CONVERSION = YES;
				CLANG_WARN_OBJC_ROOT_CLASS = YES_ERROR;
				CLANG_WARN_RANGE_LOOP_ANALYSIS = YES;
				CLANG_WARN_STRICT_PROTOTYPES = YES;
				CLANG_WARN_SUSPICIOUS_MOVE = YES;
				CLANG_WARN_UNGUARDED_AVAILABILITY = YES_AGGRESSIVE;
				CLANG_WARN_UNREACHABLE_CODE = YES;
				CLANG_WARN__DUPLICATE_METHOD_MATCH = YES;
				CODE_SIGN_IDENTITY = "iPhone Developer";
				COPY_PHASE_STRIP = NO;
				DEBUG_INFORMATION_FORMAT = "dwarf-with-dsym";
				ENABLE_NS_ASSERTIONS = NO;
				ENABLE_STRICT_OBJC_MSGSEND = YES;
				GCC_C_LANGUAGE_STANDARD = gnu11;
				GCC_NO_COMMON_BLOCKS = YES;
				GCC_WARN_64_TO_32_BIT_CONVERSION = YES;
				GCC_WARN_ABOUT_RETURN_TYPE = YES_ERROR;
				GCC_WARN_UNDECLARED_SELECTOR = YES;
				GCC_WARN_UNINITIALIZED_AUTOS = YES_AGGRESSIVE;
				GCC_WARN_UNUSED_FUNCTION = YES;
				GCC_WARN_UNUSED_VARIABLE = YES;
				IPHONEOS_DEPLOYMENT_TARGET = 11.0;
				MTL_ENABLE_DEBUG_INFO = NO;
				SDKROOT = iphoneos;
				SWIFT_OPTIMIZATION_LEVEL = "-Owholemodule";
				VALIDATE_PRODUCT = YES;
			};
			name = Release;
		};
		75F634A51F9FDF91008107FA /* Debug */ = {
			isa = XCBuildConfiguration;
			buildSettings = {
				ASSETCATALOG_COMPILER_APPICON_NAME = AppIcon;
				CODE_SIGN_STYLE = Automatic;
				INFOPLIST_FILE = SampleCollectionView/Info.plist;
				LD_RUNPATH_SEARCH_PATHS = "$(inherited) @executable_path/Frameworks";
				PRODUCT_BUNDLE_IDENTIFIER = me.zmicier.SampleCollectionView;
				PRODUCT_NAME = "$(TARGET_NAME)";
				SWIFT_VERSION = 4.0;
				TARGETED_DEVICE_FAMILY = "1,2";
			};
			name = Debug;
		};
		75F634A61F9FDF91008107FA /* Release */ = {
			isa = XCBuildConfiguration;
			buildSettings = {
				ASSETCATALOG_COMPILER_APPICON_NAME = AppIcon;
				CODE_SIGN_STYLE = Automatic;
				INFOPLIST_FILE = SampleCollectionView/Info.plist;
				LD_RUNPATH_SEARCH_PATHS = "$(inherited) @executable_path/Frameworks";
				PRODUCT_BUNDLE_IDENTIFIER = me.zmicier.SampleCollectionView;
				PRODUCT_NAME = "$(TARGET_NAME)";
				SWIFT_VERSION = 4.0;
				TARGETED_DEVICE_FAMILY = "1,2";
			};
			name = Release;
		};
/* End XCBuildConfiguration section */

/* Begin XCConfigurationList section */
		75F6348D1F9FDF91008107FA /* Build configuration list for PBXProject "SampleCollectionView" */ = {
			isa = XCConfigurationList;
			buildConfigurations = (
				75F634A21F9FDF91008107FA /* Debug */,
				75F634A31F9FDF91008107FA /* Release */,
			);
			defaultConfigurationIsVisible = 0;
			defaultConfigurationName = Release;
		};
		75F634A41F9FDF91008107FA /* Build configuration list for PBXNativeTarget "SampleCollectionView" */ = {
			isa = XCConfigurationList;
			buildConfigurations = (
				75F634A51F9FDF91008107FA /* Debug */,
				75F634A61F9FDF91008107FA /* Release */,
			);
			defaultConfigurationIsVisible = 0;
			defaultConfigurationName = Release;
		};
/* End XCConfigurationList section */
	};
	rootObject = 75F6348A1F9FDF91008107FA /* Project object */;
}
